
Microsoft Visual Studio Solution File, Format Version 12.00
# Visual Studio Version 16
VisualStudioVersion = 16.0.31410.357
MinimumVisualStudioVersion = 10.0.40219.1
Project("{FAE04EC0-301F-11D3-BF4B-00C04F79EFBC}") = "DigitalSignatureMVC", "DigitalSignatureMVC\DigitalSignatureMVC.csproj", "{B1DCBEAF-B500-452C-B034-E7DFF783F8CF}"
EndProject
Project("{2150E333-8FDC-42A3-9474-1A3956D46DE8}") = "Solution Items", "Solution Items", "{37A8E4DF-87EB-499A-AF90-9D316A45FD82}"
	ProjectSection(SolutionItems) = preProject
		.editorconfig = .editorconfig
	EndProjectSection
EndProject
Global
	GlobalSection(SolutionConfigurationPlatforms) = preSolution
		Debug|Any CPU = Debug|Any CPU
		Release|Any CPU = Release|Any CPU
	EndGlobalSection
	GlobalSection(ProjectConfigurationPlatforms) = postSolution
		{B1DCBEAF-B500-452C-B034-E7DFF783F8CF}.Debug|Any CPU.ActiveCfg = Debug|Any CPU
		{B1DCBEAF-B500-452C-B034-E7DFF783F8CF}.Debug|Any CPU.Build.0 = Debug|Any CPU
		{B1DCBEAF-B500-452C-B034-E7DFF783F8CF}.Release|Any CPU.ActiveCfg = Release|Any CPU
		{B1DCBEAF-B500-452C-B034-E7DFF783F8CF}.Release|Any CPU.Build.0 = Release|Any CPU
	EndGlobalSection
	GlobalSection(SolutionProperties) = preSolution
		HideSolutionNode = FALSE
	EndGlobalSection
	GlobalSection(ExtensibilityGlobals) = postSolution
		SolutionGuid = {BCEFD40E-792A-49FD-B82E-26CDD39F6E0C}
	EndGlobalSection
EndGlobal
